
Microsoft Visual Studio Solution File, Format Version 12.00
# Visual Studio Version 17
VisualStudioVersion = 17.5.33414.496
MinimumVisualStudioVersion = 10.0.40219.1
Project("{FAE04EC0-301F-11D3-BF4B-00C04F79EFBC}") = "FilmovizijaAPI", "FilmovizijaAPI.csproj", "{FEC1BE4A-4024-41A9-8C71-B635DCA6952D}"
EndProject
Global
	GlobalSection(SolutionConfigurationPlatforms) = preSolution
		Debug|Any CPU = Debug|Any CPU
		Release|Any CPU = Release|Any CPU
	EndGlobalSection
	GlobalSection(ProjectConfigurationPlatforms) = postSolution
		{FEC1BE4A-4024-41A9-8C71-B635DCA6952D}.Debug|Any CPU.ActiveCfg = Debug|Any CPU
		{FEC1BE4A-4024-41A9-8C71-B635DCA6952D}.Debug|Any CPU.Build.0 = Debug|Any CPU
		{FEC1BE4A-4024-41A9-8C71-B635DCA6952D}.Release|Any CPU.ActiveCfg = Release|Any CPU
		{FEC1BE4A-4024-41A9-8C71-B635DCA6952D}.Release|Any CPU.Build.0 = Release|Any CPU
	EndGlobalSection
	GlobalSection(SolutionProperties) = preSolution
		HideSolutionNode = FALSE
	EndGlobalSection
	GlobalSection(ExtensibilityGlobals) = postSolution
		SolutionGuid = {D2B28B18-77A1-4235-AD95-644747C14D3D}
	EndGlobalSection
EndGlobal
